<?xml version='1.0' encoding='utf-8'?>
<Project xmlns="http://schemas.microsoft.com/developer/msbuild/2003" ToolsVersion="4.0"><ItemGroup><Filter Include="Source Files"><UniqueIdentifier>{4FC737F1-C7A5-4376-A066-2A32D752A2FF}</UniqueIdentifier></Filter><Filter Include="Source Files\App"><UniqueIdentifier>{11111111-1111-1111-1111-111111111111}</UniqueIdentifier></Filter><Filter Include="Source Files\Editor"><UniqueIdentifier>{22222222-2222-2222-2222-222222222222}</UniqueIdentifier></Filter><Filter Include="Source Files\Engine"><UniqueIdentifier>{33333333-3333-3333-3333-333333333333}</UniqueIdentifier></Filter><Filter Include="Source Files\UI"><UniqueIdentifier>{44444444-4444-4444-4444-444444444444}</UniqueIdentifier></Filter><Filter Include="Source Files\ZS1"><UniqueIdentifier>{55555555-5555-5555-5555-555555555555}</UniqueIdentifier></Filter><Filter Include="Header Files"><UniqueIdentifier>{93995380-89BD-4B04-88EB-625FBE52EBFB}</UniqueIdentifier></Filter>  <ClInclude Include="..\include\mapedit\engine\ball.hpp"><Filter>Header Files</Filter></ClInclude>
</ItemGroup><ItemGroup><ClCompile Include="..\src\app\winmain.cpp"><Filter>Source Files\App</Filter></ClCompile><ClCompile Include="..\src\editor\draw_map.cpp"><Filter>Source Files\Editor</Filter></ClCompile><ClCompile Include="..\src\editor\map_edit_control.cpp"><Filter>Source Files\Editor</Filter></ClCompile><ClCompile Include="..\src\editor\map_edit_fill.cpp"><Filter>Source Files\Editor</Filter></ClCompile><ClCompile Include="..\src\editor\map_edit_factory.cpp"><Filter>Source Files\Editor</Filter></ClCompile><ClCompile Include="..\src\editor\map_edit_lifetime.cpp"><Filter>Source Files\Editor</Filter></ClCompile><ClCompile Include="..\src\editor\map_edit_misc.cpp"><Filter>Source Files\Editor</Filter></ClCompile><ClCompile Include="..\src\editor\map_edit_mouse.cpp"><Filter>Source Files\Editor</Filter></ClCompile><ClCompile Include="..\src\editor\map_edit_navigation.cpp"><Filter>Source Files\Editor</Filter></ClCompile><ClCompile Include="..\src\editor\map_edit_router_helpers.cpp"><Filter>Source Files\Editor</Filter></ClCompile><ClCompile Include="..\src\editor\map_edit_tact.cpp"><Filter>Source Files\Editor</Filter></ClCompile><ClCompile Include="..\src\editor\map_edit_workwnd.cpp"><Filter>Source Files\Editor</Filter></ClCompile><ClCompile Include="..\src\editor\map_edit_terrain.cpp"><Filter>Source Files\Editor</Filter></ClCompile><ClCompile Include="..\src\engine\abi_short.cpp"><Filter>Source Files\Engine</Filter></ClCompile><ClCompile Include="..\src\engine\angle.cpp"><Filter>Source Files\Engine</Filter></ClCompile><ClCompile Include="..\src\engine\color.cpp"><Filter>Source Files\Engine</Filter></ClCompile><ClCompile Include="..\src\engine\compress.cpp"><Filter>Source Files\Engine</Filter></ClCompile><ClCompile Include="..\src\engine\containers.cpp"><Filter>Source Files\Engine</Filter></ClCompile><ClCompile Include="..\src\engine\distance.cpp"><Filter>Source Files\Engine</Filter></ClCompile><ClCompile Include="..\src\engine\editor_sprite_owners.cpp"><Filter>Source Files\Engine</Filter></ClCompile><ClCompile Include="..\src\engine\engine_railway.cpp"><Filter>Source Files\Engine</Filter></ClCompile><ClCompile Include="..\src\engine\crt_compat.cpp"><Filter>Source Files\Engine</Filter></ClCompile><ClCompile Include="..\src\engine\filesystem.cpp"><Filter>Source Files\Engine</Filter></ClCompile><ClCompile Include="..\src\engine\globals.cpp"><Filter>Source Files\Engine</Filter></ClCompile><ClCompile Include="..\src\engine\graph.cpp"><Filter>Source Files\Engine</Filter></ClCompile><ClCompile Include="..\src\engine\groups.cpp"><Filter>Source Files\Engine</Filter></ClCompile><ClCompile Include="..\src\engine\hash_map.cpp"><Filter>Source Files\Engine</Filter></ClCompile><ClCompile Include="..\src\engine\input.cpp"><Filter>Source Files\Engine</Filter></ClCompile><ClCompile Include="..\src\engine\zs1_logic_bridge.cpp"><Filter>Source Files\Engine</Filter></ClCompile><ClCompile Include="..\src\engine\zs1_logic_access.cpp"><Filter>Source Files\Engine</Filter></ClCompile><ClCompile Include="..\src\engine\zs1_logic_callfunction.cpp"><Filter>Source Files\Engine</Filter></ClCompile><ClCompile Include="..\src\engine\zs1_logic_compiler.cpp"><Filter>Source Files\Engine</Filter></ClCompile><ClCompile Include="..\src\engine\zs1_logic_lists.cpp"><Filter>Source Files\Engine</Filter></ClCompile><ClCompile Include="..\src\engine\zs1_logic_parser.cpp"><Filter>Source Files\Engine</Filter></ClCompile><ClCompile Include="..\src\engine\zs1_logic_runtime.cpp"><Filter>Source Files\Engine</Filter></ClCompile><ClCompile Include="..\src\engine\zs1_logic_values.cpp"><Filter>Source Files\Engine</Filter></ClCompile><ClCompile Include="..\src\engine\map.cpp"><Filter>Source Files\Engine</Filter></ClCompile><ClCompile Include="..\src\engine\map_ctor.cpp"><Filter>Source Files\Engine</Filter></ClCompile><ClCompile Include="..\src\engine\map_query.cpp"><Filter>Source Files\Engine</Filter></ClCompile><ClCompile Include="..\src\engine\map_runtime.cpp"><Filter>Source Files\Engine</Filter></ClCompile><ClCompile Include="..\src\engine\map_shared_closure.cpp"><Filter>Source Files\Engine</Filter></ClCompile><ClCompile Include="..\src\engine\menu.cpp"><Filter>Source Files\Engine</Filter></ClCompile><ClCompile Include="..\src\engine\unit.cpp"><Filter>Source Files\Engine</Filter></ClCompile><ClCompile Include="..\src\engine\mouse.cpp"><Filter>Source Files\Engine</Filter></ClCompile><ClCompile Include="..\src\engine\myerror.cpp"><Filter>Source Files\Engine</Filter></ClCompile><ClCompile Include="..\src\engine\picture.cpp"><Filter>Source Files\Engine</Filter></ClCompile><ClCompile Include="..\src\engine\player.cpp"><Filter>Source Files\Engine</Filter></ClCompile><ClCompile Include="..\src\engine\polygon.cpp"><Filter>Source Files\Engine</Filter></ClCompile><ClCompile Include="..\src\engine\registry.cpp"><Filter>Source Files\Engine</Filter></ClCompile><ClCompile Include="..\src\engine\sound.cpp"><Filter>Source Files\Engine</Filter></ClCompile><ClCompile Include="..\src\engine\audio_stream.cpp"><Filter>Source Files\Engine</Filter></ClCompile><ClCompile Include="..\src\engine\sprite.cpp"><Filter>Source Files\Engine</Filter></ClCompile><ClCompile Include="..\src\engine\sprite_list.cpp"><Filter>Source Files\Engine</Filter></ClCompile><ClCompile Include="..\src\engine\string.cpp"><Filter>Source Files\Engine</Filter></ClCompile><ClCompile Include="..\src\engine\undo.cpp"><Filter>Source Files\Engine</Filter></ClCompile><ClCompile Include="..\src\engine\vid.cpp"><Filter>Source Files\Engine</Filter></ClCompile><ClCompile Include="..\src\ui\dialog.cpp"><Filter>Source Files\UI</Filter></ClCompile><ClCompile Include="..\src\engine\resource_short.cpp"><Filter>Source Files\Engine</Filter></ClCompile><ClCompile Include="..\src\engine\resource_ini.cpp"><Filter>Source Files\Engine</Filter></ClCompile><ClCompile Include="..\src\engine\script_exec.cpp"><Filter>Source Files\Engine</Filter></ClCompile><ClCompile Include="..\src\zs1\zArg.cpp"><Filter>Source Files\ZS1</Filter></ClCompile><ClCompile Include="..\src\zs1\zArgList.cpp"><Filter>Source Files\ZS1</Filter></ClCompile><ClCompile Include="..\src\zs1\zCommon.cpp"><Filter>Source Files\ZS1</Filter></ClCompile><ClCompile Include="..\src\zs1\zDebugLog.cpp"><Filter>Source Files\ZS1</Filter></ClCompile><ClCompile Include="..\src\zs1\zHelpParser.cpp"><Filter>Source Files\ZS1</Filter></ClCompile><ClCompile Include="..\src\zs1\zHighScores.cpp"><Filter>Source Files\ZS1</Filter></ClCompile><ClCompile Include="..\src\zs1\zRuntimeBridge.cpp"><Filter>Source Files\ZS1</Filter></ClCompile><ClCompile Include="..\src\zs1\zScriptExec.cpp"><Filter>Source Files\ZS1</Filter></ClCompile><ClCompile Include="..\src\zs1\zScriptExec_engine.cpp"><Filter>Source Files\ZS1</Filter></ClCompile><ClCompile Include="..\src\zs1\zUser.cpp"><Filter>Source Files\ZS1</Filter></ClCompile><ClCompile Include="..\src\zs1\zUserMngr.cpp"><Filter>Source Files\ZS1</Filter></ClCompile><ClCompile Include="..\src\engine\zs1_logic_containers.cpp"><Filter>Source Files\Engine</Filter></ClCompile></ItemGroup><ItemGroup><ClInclude Include="..\include\mapedit\zs1\target_config.hpp"><Filter>Header Files</Filter></ClInclude><ClInclude Include="..\include\mapedit\audio\sfx.hpp"><Filter>Header Files</Filter></ClInclude><ClInclude Include="..\include\mapedit\audio\sound.hpp"><Filter>Header Files</Filter></ClInclude><ClInclude Include="..\include\mapedit\compression\filter.hpp"><Filter>Header Files</Filter></ClInclude><ClInclude Include="..\include\mapedit\compression\mtf_filter.hpp"><Filter>Header Files</Filter></ClInclude><ClInclude Include="..\include\mapedit\compression\qs0_coder.hpp"><Filter>Header Files</Filter></ClInclude><ClInclude Include="..\include\mapedit\compression\qs1_coder.hpp"><Filter>Header Files</Filter></ClInclude><ClInclude Include="..\include\mapedit\compression\qsmodel.hpp"><Filter>Header Files</Filter></ClInclude><ClInclude Include="..\include\mapedit\compression\r_coder.hpp"><Filter>Header Files</Filter></ClInclude><ClInclude Include="..\include\mapedit\compression\rle_coder.hpp"><Filter>Header Files</Filter></ClInclude><ClInclude Include="..\include\mapedit\core\angle.hpp"><Filter>Header Files</Filter></ClInclude><ClInclude Include="..\include\mapedit\core\containers.hpp"><Filter>Header Files</Filter></ClInclude><ClInclude Include="..\include\mapedit\core\globals.hpp"><Filter>Header Files</Filter></ClInclude><ClInclude Include="..\include\mapedit\core\myerror.hpp"><Filter>Header Files</Filter></ClInclude><ClInclude Include="..\include\mapedit\core\profile_registry.hpp"><Filter>Header Files</Filter></ClInclude><ClInclude Include="..\include\mapedit\core\resource.hpp"><Filter>Header Files</Filter></ClInclude><ClInclude Include="..\include\mapedit\core\stream.hpp"><Filter>Header Files</Filter></ClInclude><ClInclude Include="..\include\mapedit\core\string.hpp"><Filter>Header Files</Filter></ClInclude><ClInclude Include="..\include\mapedit\editor\map_edit.hpp"><Filter>Header Files</Filter></ClInclude><ClInclude Include="..\include\mapedit\engine\engine.hpp"><Filter>Header Files</Filter></ClInclude><ClInclude Include="..\include\mapedit\engine\constant.hpp"><Filter>Header Files</Filter></ClInclude><ClInclude Include="..\include\mapedit\engine\groups.hpp"><Filter>Header Files</Filter></ClInclude><ClInclude Include="..\include\mapedit\engine\message.hpp"><Filter>Header Files</Filter></ClInclude><ClInclude Include="..\include\mapedit\engine\player.hpp"><Filter>Header Files</Filter></ClInclude><ClInclude Include="..\include\mapedit\engine\player_steam.hpp"><Filter>Header Files</Filter></ClInclude><ClInclude Include="..\include\mapedit\engine\ptr_sprite.hpp"><Filter>Header Files</Filter></ClInclude><ClInclude Include="..\include\mapedit\engine\region.hpp"><Filter>Header Files</Filter></ClInclude><ClInclude Include="..\include\mapedit\engine\sprite.hpp"><Filter>Header Files</Filter></ClInclude><ClInclude Include="..\include\mapedit\engine\terrain_unit.hpp"><Filter>Header Files</Filter></ClInclude><ClInclude Include="..\include\mapedit\engine\train_info.hpp"><Filter>Header Files</Filter></ClInclude><ClInclude Include="..\include\mapedit\engine\unit_types.hpp"><Filter>Header Files</Filter></ClInclude><ClInclude Include="..\include\mapedit\engine\weapon.hpp"><Filter>Header Files</Filter></ClInclude><ClInclude Include="..\include\mapedit\geometry\polygon.hpp"><Filter>Header Files</Filter></ClInclude><ClInclude Include="..\include\mapedit\graphics\color.hpp"><Filter>Header Files</Filter></ClInclude><ClInclude Include="..\include\mapedit\input\input.hpp"><Filter>Header Files</Filter></ClInclude><ClInclude Include="..\include\mapedit\input\mouse.hpp"><Filter>Header Files</Filter></ClInclude><ClInclude Include="..\include\mapedit\legacy_compiler.hpp"><Filter>Header Files</Filter></ClInclude><ClInclude Include="..\include\mapedit\map\draw_map.hpp"><Filter>Header Files</Filter></ClInclude><ClInclude Include="..\include\mapedit\map\hash_map.hpp"><Filter>Header Files</Filter></ClInclude><ClInclude Include="..\include\mapedit\map\map.hpp"><Filter>Header Files</Filter></ClInclude><ClInclude Include="..\include\mapedit\map\railway.hpp"><Filter>Header Files</Filter></ClInclude><ClInclude Include="..\include\mapedit\platform\ddraw_abi.hpp"><Filter>Header Files</Filter></ClInclude><ClInclude Include="..\include\mapedit\platform\win32_abi.hpp"><Filter>Header Files</Filter></ClInclude><ClInclude Include="..\include\mapedit\render\graph.hpp"><Filter>Header Files</Filter></ClInclude><ClInclude Include="..\include\mapedit\render\movie.hpp"><Filter>Header Files</Filter></ClInclude><ClInclude Include="..\include\mapedit\render\picture.hpp"><Filter>Header Files</Filter></ClInclude><ClInclude Include="..\include\mapedit\render\surface_texture.hpp"><Filter>Header Files</Filter></ClInclude><ClInclude Include="..\include\mapedit\render\texture_coords.hpp"><Filter>Header Files</Filter></ClInclude><ClInclude Include="..\include\mapedit\render\vid.hpp"><Filter>Header Files</Filter></ClInclude><ClInclude Include="..\include\mapedit\render\vid_font.hpp"><Filter>Header Files</Filter></ClInclude><ClInclude Include="..\include\mapedit\render\vid_hardware.hpp"><Filter>Header Files</Filter></ClInclude><ClInclude Include="..\include\mapedit\render\vid_light.hpp"><Filter>Header Files</Filter></ClInclude><ClInclude Include="..\include\mapedit\render\vid_software.hpp"><Filter>Header Files</Filter></ClInclude><ClInclude Include="..\include\mapedit\runtime.hpp"><Filter>Header Files</Filter></ClInclude><ClInclude Include="..\include\mapedit\runtime_foundation.hpp"><Filter>Header Files</Filter></ClInclude><ClInclude Include="..\include\mapedit\script\logic_layout.hpp"><Filter>Header Files</Filter></ClInclude><ClInclude Include="..\include\mapedit\script\logic.hpp"><Filter>Header Files</Filter></ClInclude><ClInclude Include="..\include\mapedit\ui\dialog.hpp"><Filter>Header Files</Filter></ClInclude><ClInclude Include="..\include\mapedit\core\distance.hpp"><Filter>Header Files</Filter></ClInclude><ClInclude Include="..\include\mapedit\zs1\script_exec.hpp"><Filter>Header Files</Filter></ClInclude>  <ClCompile Include="..\src\engine\ball.cpp"><Filter>Source Files</Filter></ClCompile>
</ItemGroup>  <ItemGroup>
    <None Include="..\MapEdit.cfg" />
    <None Include="..\mapedit.ini" />
  </ItemGroup>
</Project>